
Microsoft Visual Studio Solution File, Format Version 12.00
# Visual Studio Version 16
VisualStudioVersion = 16.6.30114.105
MinimumVisualStudioVersion = 10.0.40219.1
Project("{FAE04EC0-301F-11D3-BF4B-00C04F79EFBC}") = "File.Core", "File.Core\File.Core.csproj", "{D2C633D3-BD47-46DF-8F8E-F292A8F814DC}"
EndProject
Project("{FAE04EC0-301F-11D3-BF4B-00C04F79EFBC}") = "File.Infrastructure", "File.Infrastructure\File.Infrastructure.csproj", "{5C8C402A-9BD6-43DE-B93F-196E1B06148C}"
EndProject
Project("{FAE04EC0-301F-11D3-BF4B-00C04F79EFBC}") = "File.Domain", "File.Domain\File.Domain.csproj", "{7D74C1F4-64F0-434C-B422-6336EFAE3F64}"
EndProject
Project("{FAE04EC0-301F-11D3-BF4B-00C04F79EFBC}") = "File.Api", "File.Api\File.Api.csproj", "{46248F23-2852-4D1D-8E62-E1BCBD6E4988}"
EndProject
Project("{FAE04EC0-301F-11D3-BF4B-00C04F79EFBC}") = "File.Util", "File.Util\File.Util.csproj", "{91EE47AA-D3C3-473C-8C5C-20578D280464}"
EndProject
Global
	GlobalSection(SolutionConfigurationPlatforms) = preSolution
		Debug|Any CPU = Debug|Any CPU
		Debug|x64 = Debug|x64
		Debug|x86 = Debug|x86
		Release|Any CPU = Release|Any CPU
		Release|x64 = Release|x64
		Release|x86 = Release|x86
	EndGlobalSection
	GlobalSection(SolutionProperties) = preSolution
		HideSolutionNode = FALSE
	EndGlobalSection
	GlobalSection(ProjectConfigurationPlatforms) = postSolution
		{D2C633D3-BD47-46DF-8F8E-F292A8F814DC}.Debug|Any CPU.ActiveCfg = Debug|Any CPU
		{D2C633D3-BD47-46DF-8F8E-F292A8F814DC}.Debug|Any CPU.Build.0 = Debug|Any CPU
		{D2C633D3-BD47-46DF-8F8E-F292A8F814DC}.Debug|x64.ActiveCfg = Debug|Any CPU
		{D2C633D3-BD47-46DF-8F8E-F292A8F814DC}.Debug|x64.Build.0 = Debug|Any CPU
		{D2C633D3-BD47-46DF-8F8E-F292A8F814DC}.Debug|x86.ActiveCfg = Debug|Any CPU
		{D2C633D3-BD47-46DF-8F8E-F292A8F814DC}.Debug|x86.Build.0 = Debug|Any CPU
		{D2C633D3-BD47-46DF-8F8E-F292A8F814DC}.Release|Any CPU.ActiveCfg = Release|Any CPU
		{D2C633D3-BD47-46DF-8F8E-F292A8F814DC}.Release|Any CPU.Build.0 = Release|Any CPU
		{D2C633D3-BD47-46DF-8F8E-F292A8F814DC}.Release|x64.ActiveCfg = Release|Any CPU
		{D2C633D3-BD47-46DF-8F8E-F292A8F814DC}.Release|x64.Build.0 = Release|Any CPU
		{D2C633D3-BD47-46DF-8F8E-F292A8F814DC}.Release|x86.ActiveCfg = Release|Any CPU
		{D2C633D3-BD47-46DF-8F8E-F292A8F814DC}.Release|x86.Build.0 = Release|Any CPU
		{5C8C402A-9BD6-43DE-B93F-196E1B06148C}.Debug|Any CPU.ActiveCfg = Debug|Any CPU
		{5C8C402A-9BD6-43DE-B93F-196E1B06148C}.Debug|Any CPU.Build.0 = Debug|Any CPU
		{5C8C402A-9BD6-43DE-B93F-196E1B06148C}.Debug|x64.ActiveCfg = Debug|Any CPU
		{5C8C402A-9BD6-43DE-B93F-196E1B06148C}.Debug|x64.Build.0 = Debug|Any CPU
		{5C8C402A-9BD6-43DE-B93F-196E1B06148C}.Debug|x86.ActiveCfg = Debug|Any CPU
		{5C8C402A-9BD6-43DE-B93F-196E1B06148C}.Debug|x86.Build.0 = Debug|Any CPU
		{5C8C402A-9BD6-43DE-B93F-196E1B06148C}.Release|Any CPU.ActiveCfg = Release|Any CPU
		{5C8C402A-9BD6-43DE-B93F-196E1B06148C}.Release|Any CPU.Build.0 = Release|Any CPU
		{5C8C402A-9BD6-43DE-B93F-196E1B06148C}.Release|x64.ActiveCfg = Release|Any CPU
		{5C8C402A-9BD6-43DE-B93F-196E1B06148C}.Release|x64.Build.0 = Release|Any CPU
		{5C8C402A-9BD6-43DE-B93F-196E1B06148C}.Release|x86.ActiveCfg = Release|Any CPU
		{5C8C402A-9BD6-43DE-B93F-196E1B06148C}.Release|x86.Build.0 = Release|Any CPU
		{7D74C1F4-64F0-434C-B422-6336EFAE3F64}.Debug|Any CPU.ActiveCfg = Debug|Any CPU
		{7D74C1F4-64F0-434C-B422-6336EFAE3F64}.Debug|Any CPU.Build.0 = Debug|Any CPU
		{7D74C1F4-64F0-434C-B422-6336EFAE3F64}.Debug|x64.ActiveCfg = Debug|Any CPU
		{7D74C1F4-64F0-434C-B422-6336EFAE3F64}.Debug|x64.Build.0 = Debug|Any CPU
		{7D74C1F4-64F0-434C-B422-6336EFAE3F64}.Debug|x86.ActiveCfg = Debug|Any CPU
		{7D74C1F4-64F0-434C-B422-6336EFAE3F64}.Debug|x86.Build.0 = Debug|Any CPU
		{7D74C1F4-64F0-434C-B422-6336EFAE3F64}.Release|Any CPU.ActiveCfg = Release|Any CPU
		{7D74C1F4-64F0-434C-B422-6336EFAE3F64}.Release|Any CPU.Build.0 = Release|Any CPU
		{7D74C1F4-64F0-434C-B422-6336EFAE3F64}.Release|x64.ActiveCfg = Release|Any CPU
		{7D74C1F4-64F0-434C-B422-6336EFAE3F64}.Release|x64.Build.0 = Release|Any CPU
		{7D74C1F4-64F0-434C-B422-6336EFAE3F64}.Release|x86.ActiveCfg = Release|Any CPU
		{7D74C1F4-64F0-434C-B422-6336EFAE3F64}.Release|x86.Build.0 = Release|Any CPU
		{46248F23-2852-4D1D-8E62-E1BCBD6E4988}.Debug|Any CPU.ActiveCfg = Debug|Any CPU
		{46248F23-2852-4D1D-8E62-E1BCBD6E4988}.Debug|Any CPU.Build.0 = Debug|Any CPU
		{46248F23-2852-4D1D-8E62-E1BCBD6E4988}.Debug|x64.ActiveCfg = Debug|Any CPU
		{46248F23-2852-4D1D-8E62-E1BCBD6E4988}.Debug|x64.Build.0 = Debug|Any CPU
		{46248F23-2852-4D1D-8E62-E1BCBD6E4988}.Debug|x86.ActiveCfg = Debug|Any CPU
		{46248F23-2852-4D1D-8E62-E1BCBD6E4988}.Debug|x86.Build.0 = Debug|Any CPU
		{46248F23-2852-4D1D-8E62-E1BCBD6E4988}.Release|Any CPU.ActiveCfg = Release|Any CPU
		{46248F23-2852-4D1D-8E62-E1BCBD6E4988}.Release|Any CPU.Build.0 = Release|Any CPU
		{46248F23-2852-4D1D-8E62-E1BCBD6E4988}.Release|x64.ActiveCfg = Release|Any CPU
		{46248F23-2852-4D1D-8E62-E1BCBD6E4988}.Release|x64.Build.0 = Release|Any CPU
		{46248F23-2852-4D1D-8E62-E1BCBD6E4988}.Release|x86.ActiveCfg = Release|Any CPU
		{46248F23-2852-4D1D-8E62-E1BCBD6E4988}.Release|x86.Build.0 = Release|Any CPU
		{91EE47AA-D3C3-473C-8C5C-20578D280464}.Debug|Any CPU.ActiveCfg = Debug|Any CPU
		{91EE47AA-D3C3-473C-8C5C-20578D280464}.Debug|Any CPU.Build.0 = Debug|Any CPU
		{91EE47AA-D3C3-473C-8C5C-20578D280464}.Debug|x64.ActiveCfg = Debug|Any CPU
		{91EE47AA-D3C3-473C-8C5C-20578D280464}.Debug|x64.Build.0 = Debug|Any CPU
		{91EE47AA-D3C3-473C-8C5C-20578D280464}.Debug|x86.ActiveCfg = Debug|Any CPU
		{91EE47AA-D3C3-473C-8C5C-20578D280464}.Debug|x86.Build.0 = Debug|Any CPU
		{91EE47AA-D3C3-473C-8C5C-20578D280464}.Release|Any CPU.ActiveCfg = Release|Any CPU
		{91EE47AA-D3C3-473C-8C5C-20578D280464}.Release|Any CPU.Build.0 = Release|Any CPU
		{91EE47AA-D3C3-473C-8C5C-20578D280464}.Release|x64.ActiveCfg = Release|Any CPU
		{91EE47AA-D3C3-473C-8C5C-20578D280464}.Release|x64.Build.0 = Release|Any CPU
		{91EE47AA-D3C3-473C-8C5C-20578D280464}.Release|x86.ActiveCfg = Release|Any CPU
		{91EE47AA-D3C3-473C-8C5C-20578D280464}.Release|x86.Build.0 = Release|Any CPU
	EndGlobalSection
EndGlobal
